
Microsoft Visual Studio Solution File, Format Version 12.00
# Visual Studio Version 17
VisualStudioVersion = 17.5.002.0
MinimumVisualStudioVersion = 10.0.40219.1
Project("{9A19103F-16F7-4668-BE54-9A1E7A4F7556}") = "learnCsharp", "learnCsharp.csproj", "{10B77A02-70D9-4C64-80BB-47506D12BBC5}"
EndProject
Project("{FAE04EC0-301F-11D3-BF4B-00C04F79EFBC}") = "understand_types", "understand_types\understand_types.csproj", "{C76BBE56-6245-417B-A406-8F31D7CA5316}"
EndProject
Global
	GlobalSection(SolutionConfigurationPlatforms) = preSolution
		Debug|Any CPU = Debug|Any CPU
		Release|Any CPU = Release|Any CPU
	EndGlobalSection
	GlobalSection(ProjectConfigurationPlatforms) = postSolution
		{10B77A02-70D9-4C64-80BB-47506D12BBC5}.Debug|Any CPU.ActiveCfg = Debug|Any CPU
		{10B77A02-70D9-4C64-80BB-47506D12BBC5}.Debug|Any CPU.Build.0 = Debug|Any CPU
		{10B77A02-70D9-4C64-80BB-47506D12BBC5}.Release|Any CPU.ActiveCfg = Release|Any CPU
		{10B77A02-70D9-4C64-80BB-47506D12BBC5}.Release|Any CPU.Build.0 = Release|Any CPU
		{C76BBE56-6245-417B-A406-8F31D7CA5316}.Debug|Any CPU.ActiveCfg = Debug|Any CPU
		{C76BBE56-6245-417B-A406-8F31D7CA5316}.Debug|Any CPU.Build.0 = Debug|Any CPU
		{C76BBE56-6245-417B-A406-8F31D7CA5316}.Release|Any CPU.ActiveCfg = Release|Any CPU
		{C76BBE56-6245-417B-A406-8F31D7CA5316}.Release|Any CPU.Build.0 = Release|Any CPU
	EndGlobalSection
	GlobalSection(SolutionProperties) = preSolution
		HideSolutionNode = FALSE
	EndGlobalSection
	GlobalSection(ExtensibilityGlobals) = postSolution
		SolutionGuid = {DD014015-80C3-4DC3-8F6D-36FAFAA1E485}
	EndGlobalSection
EndGlobal
